
Microsoft Visual Studio Solution File, Format Version 12.00
# Visual Studio 15
VisualStudioVersion = 15.0.27703.2047
MinimumVisualStudioVersion = 10.0.40219.1
Project("{FAE04EC0-301F-11D3-BF4B-00C04F79EFBC}") = "usbGuard3", "usbGuard3\usbGuard3.csproj", "{FB5BD216-E04E-491C-9CE6-367A6D4DB797}"
EndProject
Global
	GlobalSection(SolutionConfigurationPlatforms) = preSolution
		Debug|Any CPU = Debug|Any CPU
		Release|Any CPU = Release|Any CPU
	EndGlobalSection
	GlobalSection(ProjectConfigurationPlatforms) = postSolution
		{FB5BD216-E04E-491C-9CE6-367A6D4DB797}.Debug|Any CPU.ActiveCfg = Debug|Any CPU
		{FB5BD216-E04E-491C-9CE6-367A6D4DB797}.Debug|Any CPU.Build.0 = Debug|Any CPU
		{FB5BD216-E04E-491C-9CE6-367A6D4DB797}.Release|Any CPU.ActiveCfg = Release|Any CPU
		{FB5BD216-E04E-491C-9CE6-367A6D4DB797}.Release|Any CPU.Build.0 = Release|Any CPU
	EndGlobalSection
	GlobalSection(SolutionProperties) = preSolution
		HideSolutionNode = FALSE
	EndGlobalSection
	GlobalSection(ExtensibilityGlobals) = postSolution
		SolutionGuid = {F460057F-8803-4302-BB3D-5B2419E477CC}
	EndGlobalSection
EndGlobal
